// !$*UTF8*$!
{
	archiveVersion = 1;
	classes = {
	};
	objectVersion = 50;
	objects = {

/* Begin PBXBuildFile section */
		9FBBBEF321D317F900929CFC /* AppDelegate.m in Sources */ = {isa = PBXBuildFile; fileRef = 9FBBBEF221D317F900929CFC /* AppDelegate.m */; };
		9FBBBEF621D317F900929CFC /* ViewController.m in Sources */ = {isa = PBXBuildFile; fileRef = 9FBBBEF521D317F900929CFC /* ViewController.m */; };
		9FBBBEF921D317F900929CFC /* Main.storyboard in Resources */ = {isa = PBXBuildFile; fileRef = 9FBBBEF721D317F900929CFC /* Main.storyboard */; };
		9FBBBEFB21D3180200929CFC /* Assets.xcassets in Resources */ = {isa = PBXBuildFile; fileRef = 9FBBBEFA21D3180200929CFC /* Assets.xcassets */; };
		9FBBBEFE21D3180200929CFC /* LaunchScreen.storyboard in Resources */ = {isa = PBXBuildFile; fileRef = 9FBBBEFC21D3180200929CFC /* LaunchScreen.storyboard */; };
		9FBBBF0121D3180200929CFC /* main.m in Sources */ = {isa = PBXBuildFile; fileRef = 9FBBBF0021D3180200929CFC /* main.m */; };
/* End PBXBuildFile section */

/* Begin PBXFileReference section */
		9FBBBEEE21D317F900929CFC /* XLAccelerometer.app */ = {isa = PBXFileReference; explicitFileType = wrapper.application; includeInIndex = 0; path = XLAccelerometer.app; sourceTree = BUILT_PRODUCTS_DIR; };
		9FBBBEF121D317F900929CFC /* AppDelegate.h */ = {isa = PBXFileReference; lastKnownFileType = sourcecode.c.h; path = AppDelegate.h; sourceTree = "<group>"; };
		9FBBBEF221D317F900929CFC /* AppDelegate.m */ = {isa = PBXFileReference; lastKnownFileType = sourcecode.c.objc; path = AppDelegate.m; sourceTree = "<group>"; };
		9FBBBEF421D317F900929CFC /* ViewController.h */ = {isa = PBXFileReference; lastKnownFileType = sourcecode.c.h; path = ViewController.h; sourceTree = "<group>"; };
		9FBBBEF521D317F900929CFC /* ViewController.m */ = {isa = PBXFileReference; lastKnownFileType = sourcecode.c.objc; path = ViewController.m; sourceTree = "<group>"; };
		9FBBBEF821D317F900929CFC /* Base */ = {isa = PBXFileReference; lastKnownFileType = file.storyboard; name = Base; path = Base.lproj/Main.storyboard; sourceTree = "<group>"; };
		9FBBBEFA21D3180200929CFC /* Assets.xcassets */ = {isa = PBXFileReference; lastKnownFileType = folder.assetcatalog; path = Assets.xcassets; sourceTree = "<group>"; };
		9FBBBEFD21D3180200929CFC /* Base */ = {isa = PBXFileReference; lastKnownFileType = file.storyboard; name = Base; path = Base.lproj/LaunchScreen.storyboard; sourceTree = "<group>"; };
		9FBBBEFF21D3180200929CFC /* Info.plist */ = {isa = PBXFileReference; lastKnownFileType = text.plist.xml; path = Info.plist; sourceTree = "<group>"; };
		9FBBBF0021D3180200929CFC /* main.m */ = {isa = PBXFileReference; lastKnownFileType = sourcecode.c.objc; path = main.m; sourceTree = "<group>"; };
/* End PBXFileReference section */

/* Begin PBXFrameworksBuildPhase section */
		9FBBBEEB21D317F900929CFC /* Frameworks */ = {
			isa = PBXFrameworksBuildPhase;
			buildActionMask = 2147483647;
			files = (
			);
			runOnlyForDeploymentPostprocessing = 0;
		};
/* End PBXFrameworksBuildPhase section */

/* Begin PBXGroup section */
		9FBBBEE521D317F900929CFC = {
			isa = PBXGroup;
			children = (
				9FBBBEF021D317F900929CFC /* XLAccelerometer */,
				9FBBBEEF21D317F900929CFC /* Products */,
			);
			sourceTree = "<group>";
		};
		9FBBBEEF21D317F900929CFC /* Products */ = {
			isa = PBXGroup;
			children = (
				9FBBBEEE21D317F900929CFC /* XLAccelerometer.app */,
			);
			name = Products;
			sourceTree = "<group>";
		};
		9FBBBEF021D317F900929CFC /* XLAccelerometer */ = {
			isa = PBXGroup;
			children = (
				9FBBBEF121D317F900929CFC /* AppDelegate.h */,
				9FBBBEF221D317F900929CFC /* AppDelegate.m */,
				9FBBBEF421D317F900929CFC /* ViewController.h */,
				9FBBBEF521D317F900929CFC /* ViewController.m */,
				9FBBBEF721D317F900929CFC /* Main.storyboard */,
				9FBBBEFA21D3180200929CFC /* Assets.xcassets */,
				9FBBBEFC21D3180200929CFC /* LaunchScreen.storyboard */,
				9FBBBEFF21D3180200929CFC /* Info.plist */,
				9FBBBF0021D3180200929CFC /* main.m */,
			);
			path = XLAccelerometer;
			sourceTree = "<group>";
		};
/* End PBXGroup section */

/* Begin PBXNativeTarget section */
		9FBBBEED21D317F900929CFC /* XLAccelerometer */ = {
			isa = PBXNativeTarget;
			buildConfigurationList = 9FBBBF0421D3180200929CFC /* Build configuration list for PBXNativeTarget "XLAccelerometer" */;
			buildPhases = (
				9FBBBEEA21D317F900929CFC /* Sources */,
				9FBBBEEB21D317F900929CFC /* Frameworks */,
				9FBBBEEC21D317F900929CFC /* Resources */,
			);
			buildRules = (
			);
			dependencies = (
			);
			name = XLAccelerometer;
			productName = XLAccelerometer;
			productReference = 9FBBBEEE21D317F900929CFC /* XLAccelerometer.app */;
			productType = "com.apple.product-type.application";
		};
/* End PBXNativeTarget section */

/* Begin PBXProject section */
		9FBBBEE621D317F900929CFC /* Project object */ = {
			isa = PBXProject;
			attributes = {
				LastUpgradeCheck = 1010;
				ORGANIZATIONNAME = "Mac-Qke";
				TargetAttributes = {
					9FBBBEED21D317F900929CFC = {
						CreatedOnToolsVersion = 10.1;
					};
				};
			};
			buildConfigurationList = 9FBBBEE921D317F900929CFC /* Build configuration list for PBXProject "XLAccelerometer" */;
			compatibilityVersion = "Xcode 9.3";
			developmentRegion = en;
			hasScannedForEncodings = 0;
			knownRegions = (
				en,
				Base,
			);
			mainGroup = 9FBBBEE521D317F900929CFC;
			productRefGroup = 9FBBBEEF21D317F900929CFC /* Products */;
			projectDirPath = "";
			projectRoot = "";
			targets = (
				9FBBBEED21D317F900929CFC /* XLAccelerometer */,
			);
		};
/* End PBXProject section */

/* Begin PBXResourcesBuildPhase section */
		9FBBBEEC21D317F900929CFC /* Resources */ = {
			isa = PBXResourcesBuildPhase;
			buildActionMask = 2147483647;
			files = (
				9FBBBEFE21D3180200929CFC /* LaunchScreen.storyboard in Resources */,
				9FBBBEFB21D3180200929CFC /* Assets.xcassets in Resources */,
				9FBBBEF921D317F900929CFC /* Main.storyboard in Resources */,
			);
			runOnlyForDeploymentPostprocessing = 0;
		};
/* End PBXResourcesBuildPhase section */

/* Begin PBXSourcesBuildPhase section */
		9FBBBEEA21D317F900929CFC /* Sources */ = {
			isa = PBXSourcesBuildPhase;
			buildActionMask = 2147483647;
			files = (
				9FBBBEF621D317F900929CFC /* ViewController.m in Sources */,
				9FBBBF0121D3180200929CFC /* main.m in Sources */,
				9FBBBEF321D317F900929CFC /* AppDelegate.m in Sources */,
			);
			runOnlyForDeploymentPostprocessing = 0;
		};
/* End PBXSourcesBuildPhase section */

/* Begin PBXVariantGroup section */
		9FBBBEF721D317F900929CFC /* Main.storyboard */ = {
			isa = PBXVariantGroup;
			children = (
				9FBBBEF821D317F900929CFC /* Base */,
			);
			name = Main.storyboard;
			sourceTree = "<group>";
		};
		9FBBBEFC21D3180200929CFC /* LaunchScreen.storyboard */ = {
			isa = PBXVariantGroup;
			children = (
				9FBBBEFD21D3180200929CFC /* Base */,
			);
			name = LaunchScreen.storyboard;
			sourceTree = "<group>";
		};
/* End PBXVariantGroup section */

/* Begin XCBuildConfiguration section */
		9FBBBF0221D3180200929CFC /* Debug */ = {
			isa = XCBuildConfiguration;
			buildSettings = {
				ALWAYS_SEARCH_USER_PATHS = NO;
				CLANG_ANALYZER_NONNULL = YES;
				CLANG_ANALYZER_NUMBER_OBJECT_CONVERSION = YES_AGGRESSIVE;
				CLANG_CXX_LANGUAGE_STANDARD = "gnu++14";
				CLANG_CXX_LIBRARY = "libc++";
				CLANG_ENABLE_MODULES = YES;
				CLANG_ENABLE_OBJC_ARC = YES;
				CLANG_ENABLE_OBJC_WEAK = YES;
				CLANG_WARN_BLOCK_CAPTURE_AUTORELEASING = YES;
				CLANG_WARN_BOOL_CONVERSION = YES;
				CLANG_WARN_COMMA = YES;
				CLANG_WARN_CONSTANT_CONVERSION = YES;
				CLANG_WARN_DEPRECATED_OBJC_IMPLEMENTATIONS = YES;
				CLANG_WARN_DIRECT_OBJC_ISA_USAGE = YES_ERROR;
				CLANG_WARN_DOCUMENTATION_COMMENTS = YES;
				CLANG_WARN_EMPTY_BODY = YES;
				CLANG_WARN_ENUM_CONVERSION = YES;
				CLANG_WARN_INFINITE_RECURSION = YES;
				CLANG_WARN_INT_CONVERSION = YES;
				CLANG_WARN_NON_LITERAL_NULL_CONVERSION = YES;
				CLANG_WARN_OBJC_IMPLICIT_RETAIN_SELF = YES;
				CLANG_WARN_OBJC_LITERAL_CONVERSION = YES;
				CLANG_WARN_OBJC_ROOT_CLASS = YES_ERROR;
				CLANG_WARN_RANGE_LOOP_ANALYSIS = YES;
				CLANG_WARN_STRICT_PROTOTYPES = YES;
				CLANG_WARN_SUSPICIOUS_MOVE = YES;
				CLANG_WARN_UNGUARDED_AVAILABILITY = YES_AGGRESSIVE;
				CLANG_WARN_UNREACHABLE_CODE = YES;
				CLANG_WARN__DUPLICATE_METHOD_MATCH = YES;
				CODE_SIGN_IDENTITY = "iPhone Developer";
				COPY_PHASE_STRIP = NO;
				DEBUG_INFORMATION_FORMAT = dwarf;
				ENABLE_STRICT_OBJC_MSGSEND = YES;
				ENABLE_TESTABILITY = YES;
				GCC_C_LANGUAGE_STANDARD = gnu11;
				GCC_DYNAMIC_NO_PIC = NO;
				GCC_NO_COMMON_BLOCKS = YES;
				GCC_OPTIMIZATION_LEVEL = 0;
				GCC_PREPROCESSOR_DEFINITIONS = (
					"DEBUG=1",
					"$(inherited)",
				);
				GCC_WARN_64_TO_32_BIT_CONVERSION = YES;
				GCC_WARN_ABOUT_RETURN_TYPE = YES_ERROR;
				GCC_WARN_UNDECLARED_SELECTOR = YES;
				GCC_WARN_UNINITIALIZED_AUTOS = YES_AGGRESSIVE;
				GCC_WARN_UNUSED_FUNCTION = YES;
				GCC_WARN_UNUSED_VARIABLE = YES;
				IPHONEOS_DEPLOYMENT_TARGET = 12.1;
				MTL_ENABLE_DEBUG_INFO = INCLUDE_SOURCE;
				MTL_FAST_MATH = YES;
				ONLY_ACTIVE_ARCH = YES;
				SDKROOT = iphoneos;
			};
			name = Debug;
		};
		9FBBBF0321D3180200929CFC /* Release */ = {
			isa = XCBuildConfiguration;
			buildSettings = {
				ALWAYS_SEARCH_USER_PATHS = NO;
				CLANG_ANALYZER_NONNULL = YES;
				CLANG_ANALYZER_NUMBER_OBJECT_CONVERSION = YES_AGGRESSIVE;
				CLANG_CXX_LANGUAGE_STANDARD = "gnu++14";
				CLANG_CXX_LIBRARY = "libc++";
				CLANG_ENABLE_MODULES = YES;
				CLANG_ENABLE_OBJC_ARC = YES;
				CLANG_ENABLE_OBJC_WEAK = YES;
				CLANG_WARN_BLOCK_CAPTURE_AUTORELEASING = YES;
				CLANG_WARN_BOOL_CONVERSION = YES;
				CLANG_WARN_COMMA = YES;
				CLANG_WARN_CONSTANT_CONVERSION = YES;
				CLANG_WARN_DEPRECATED_OBJC_IMPLEMENTATIONS = YES;
				CLANG_WARN_DIRECT_OBJC_ISA_USAGE = YES_ERROR;
				CLANG_WARN_DOCUMENTATION_COMMENTS = YES;
				CLANG_WARN_EMPTY_BODY = YES;
				CLANG_WARN_ENUM_CONVERSION = YES;
				CLANG_WARN_INFINITE_RECURSION = YES;
				CLANG_WARN_INT_CONVERSION = YES;
				CLANG_WARN_NON_LITERAL_NULL_CONVERSION = YES;
				CLANG_WARN_OBJC_IMPLICIT_RETAIN_SELF = YES;
				CLANG_WARN_OBJC_LITERAL_CONVERSION = YES;
				CLANG_WARN_OBJC_ROOT_CLASS = YES_ERROR;
				CLANG_WARN_RANGE_LOOP_ANALYSIS = YES;
				CLANG_WARN_STRICT_PROTOTYPES = YES;
				CLANG_WARN_SUSPICIOUS_MOVE = YES;
				CLANG_WARN_UNGUARDED_AVAILABILITY = YES_AGGRESSIVE;
				CLANG_WARN_UNREACHABLE_CODE = YES;
				CLANG_WARN__DUPLICATE_METHOD_MATCH = YES;
				CODE_SIGN_IDENTITY = "iPhone Developer";
				COPY_PHASE_STRIP = NO;
				DEBUG_INFORMATION_FORMAT = "dwarf-with-dsym";
				ENABLE_NS_ASSERTIONS = NO;
				ENABLE_STRICT_OBJC_MSGSEND = YES;
				GCC_C_LANGUAGE_STANDARD = gnu11;
				GCC_NO_COMMON_BLOCKS = YES;
				GCC_WARN_64_TO_32_BIT_CONVERSION = YES;
				GCC_WARN_ABOUT_RETURN_TYPE = YES_ERROR;
				GCC_WARN_UNDECLARED_SELECTOR = YES;
				GCC_WARN_UNINITIALIZED_AUTOS = YES_AGGRESSIVE;
				GCC_WARN_UNUSED_FUNCTION = YES;
				GCC_WARN_UNUSED_VARIABLE = YES;
				IPHONEOS_DEPLOYMENT_TARGET = 12.1;
				MTL_ENABLE_DEBUG_INFO = NO;
				MTL_FAST_MATH = YES;
				SDKROOT = iphoneos;
				VALIDATE_PRODUCT = YES;
			};
			name = Release;
		};
		9FBBBF0521D3180200929CFC /* Debug */ = {
			isa = XCBuildConfiguration;
			buildSettings = {
				ASSETCATALOG_COMPILER_APPICON_NAME = AppIcon;
				CODE_SIGN_STYLE = Automatic;
				DEVELOPMENT_TEAM = 5XH837PT9T;
				INFOPLIST_FILE = XLAccelerometer/Info.plist;
				LD_RUNPATH_SEARCH_PATHS = (
					"$(inherited)",
					"@executable_path/Frameworks",
				);
				PRODUCT_BUNDLE_IDENTIFIER = com.HYCF.XLAccelerometer;
				PRODUCT_NAME = "$(TARGET_NAME)";
				TARGETED_DEVICE_FAMILY = "1,2";
			};
			name = Debug;
		};
		9FBBBF0621D3180200929CFC /* Release */ = {
			isa = XCBuildConfiguration;
			buildSettings = {
				ASSETCATALOG_COMPILER_APPICON_NAME = AppIcon;
				CODE_SIGN_STYLE = Automatic;
				DEVELOPMENT_TEAM = 5XH837PT9T;
				INFOPLIST_FILE = XLAccelerometer/Info.plist;
				LD_RUNPATH_SEARCH_PATHS = (
					"$(inherited)",
					"@executable_path/Frameworks",
				);
				PRODUCT_BUNDLE_IDENTIFIER = com.HYCF.XLAccelerometer;
				PRODUCT_NAME = "$(TARGET_NAME)";
				TARGETED_DEVICE_FAMILY = "1,2";
			};
			name = Release;
		};
/* End XCBuildConfiguration section */

/* Begin XCConfigurationList section */
		9FBBBEE921D317F900929CFC /* Build configuration list for PBXProject "XLAccelerometer" */ = {
			isa = XCConfigurationList;
			buildConfigurations = (
				9FBBBF0221D3180200929CFC /* Debug */,
				9FBBBF0321D3180200929CFC /* Release */,
			);
			defaultConfigurationIsVisible = 0;
			defaultConfigurationName = Release;
		};
		9FBBBF0421D3180200929CFC /* Build configuration list for PBXNativeTarget "XLAccelerometer" */ = {
			isa = XCConfigurationList;
			buildConfigurations = (
				9FBBBF0521D3180200929CFC /* Debug */,
				9FBBBF0621D3180200929CFC /* Release */,
			);
			defaultConfigurationIsVisible = 0;
			defaultConfigurationName = Release;
		};
/* End XCConfigurationList section */
	};
	rootObject = 9FBBBEE621D317F900929CFC /* Project object */;
}
